
Microsoft Visual Studio Solution File, Format Version 12.00
# Visual Studio Version 16
VisualStudioVersion = 16.0.30611.23
MinimumVisualStudioVersion = 10.0.40219.1
Project("{FAE04EC0-301F-11D3-BF4B-00C04F79EFBC}") = "platformer_final", "platformer_final.csproj", "{51C735E1-ACEF-47C5-8164-B75BE03F6320}"
EndProject
Global
	GlobalSection(SolutionConfigurationPlatforms) = preSolution
		Debug|Any CPU = Debug|Any CPU
		Release|Any CPU = Release|Any CPU
	EndGlobalSection
	GlobalSection(ProjectConfigurationPlatforms) = postSolution
		{51C735E1-ACEF-47C5-8164-B75BE03F6320}.Debug|Any CPU.ActiveCfg = Debug|Any CPU
		{51C735E1-ACEF-47C5-8164-B75BE03F6320}.Debug|Any CPU.Build.0 = Debug|Any CPU
		{51C735E1-ACEF-47C5-8164-B75BE03F6320}.Release|Any CPU.ActiveCfg = Release|Any CPU
		{51C735E1-ACEF-47C5-8164-B75BE03F6320}.Release|Any CPU.Build.0 = Release|Any CPU
	EndGlobalSection
	GlobalSection(SolutionProperties) = preSolution
		HideSolutionNode = FALSE
	EndGlobalSection
	GlobalSection(ExtensibilityGlobals) = postSolution
		SolutionGuid = {BAC72769-EE58-4F09-A5CE-09B81D2E377C}
	EndGlobalSection
EndGlobal
